<?xml version="1.0" encoding="utf-8"?>
<Project ToolsVersion="4.0" xmlns="http://schemas.microsoft.com/developer/msbuild/2003">
  <ItemGroup>
    <Filter Include="src">
      <UniqueIdentifier>{d8376475-7454-4a24-b08a-aac121d3ad6f}</UniqueIdentifier>
    </Filter>
    <Filter Include="addons">
      <UniqueIdentifier>{0d8691cf-3f64-4c4b-bcef-38cf4b65afc7}</UniqueIdentifier>
    </Filter>
    <Filter Include="bin">
      <UniqueIdentifier>{96c48a93-a992-4152-b584-dac83733e770}</UniqueIdentifier>
    </Filter>
    <Filter Include="bin\data">
      <UniqueIdentifier>{c91d339c-f64b-4bb2-bd95-b2ba3213c420}</UniqueIdentifier>
    </Filter>
    <Filter Include="bin\data\audio">
      <UniqueIdentifier>{0da4c9a2-7990-473b-a416-fbcf7a153bff}</UniqueIdentifier>
    </Filter>
    <Filter Include="bin\data\fonts">
      <UniqueIdentifier>{63fe72bf-415c-401c-b638-e8a4c9d850be}</UniqueIdentifier>
    </Filter>
  </ItemGroup>
  <ItemGroup>
    <ResourceCompile Include="icon.rc" />
  </ItemGroup>
  <ItemGroup>
    <ClCompile Include="src\animations.cpp">
      <Filter>src</Filter>
    </ClCompile>
    <ClCompile Include="src\camera.cpp">
      <Filter>src</Filter>
    </ClCompile>
    <ClCompile Include="src\collisions.cpp">
      <Filter>src</Filter>
    </ClCompile>
    <ClCompile Include="src\main.cpp">
      <Filter>src</Filter>
    </ClCompile>
    <ClCompile Include="src\ofApp.cpp">
      <Filter>src</Filter>
    </ClCompile>
    <ClCompile Include="src\pendulum.cpp">
      <Filter>src</Filter>
    </ClCompile>
    <ClCompile Include="src\stage.cpp">
      <Filter>src</Filter>
    </ClCompile>
    <ClCompile Include="src\gem.cpp">
      <Filter>src</Filter>
    </ClCompile>
  </ItemGroup>
  <ItemGroup>
    <ClInclude Include="src\animations.h">
      <Filter>src</Filter>
    </ClInclude>
    <ClInclude Include="src\camera.h">
      <Filter>src</Filter>
    </ClInclude>
    <ClInclude Include="src\collisions.h">
      <Filter>src</Filter>
    </ClInclude>
    <ClInclude Include="src\ofApp.h">
      <Filter>src</Filter>
    </ClInclude>
    <ClInclude Include="src\pendulum.h">
      <Filter>src</Filter>
    </ClInclude>
    <ClInclude Include="src\stage.h">
      <Filter>src</Filter>
    </ClInclude>
    <ClInclude Include="src\gem.h">
      <Filter>src</Filter>
    </ClInclude>
  </ItemGroup>
  <ItemGroup>
    <None Include="bin\data\stage01.svg">
      <Filter>bin\data</Filter>
    </None>
    <None Include="bin\data\audio\go.ogg">
      <Filter>bin\data\audio</Filter>
    </None>
    <None Include="bin\data\audio\pendulumCrashSound0.ogg">
      <Filter>bin\data\audio</Filter>
    </None>
    <None Include="bin\data\audio\pendulumCrashSound1.ogg">
      <Filter>bin\data\audio</Filter>
    </None>
    <None Include="bin\data\audio\pendulumCrashSound2.ogg">
      <Filter>bin\data\audio</Filter>
    </None>
    <None Include="bin\data\audio\pendulumCrashSound3.ogg">
      <Filter>bin\data\audio</Filter>
    </None>
    <None Include="bin\data\audio\pendulumCrashSound4.ogg">
      <Filter>bin\data\audio</Filter>
    </None>
    <None Include="bin\data\audio\ready.ogg">
      <Filter>bin\data\audio</Filter>
    </None>
    <None Include="bin\data\audio\springSound.ogg">
      <Filter>bin\data\audio</Filter>
    </None>
  </ItemGroup>
  <ItemGroup>
    <Media Include="bin\data\audio\hookSound.wav">
      <Filter>bin\data\audio</Filter>
    </Media>
    <Media Include="bin\data\audio\stage1.mp3">
      <Filter>bin\data\audio</Filter>
    </Media>
  </ItemGroup>
  <ItemGroup>
    <Font Include="bin\data\fonts\Exo-ExtraBoldItalic.ttf">
      <Filter>bin\data\fonts</Filter>
    </Font>
  </ItemGroup>
</Project>